# This file was autogenerated by Stack.
# You should not edit this file by hand.
# For more information, please see the documentation at:
#   https://docs.haskellstack.org/en/stable/lock_files

packages:
- completed:
    hackage: hspec-2.8.4@sha256:9f8ad8852320d22d76b0ba3123a95b675647a2c2dc2a9d2b369ebf405ddc21f3,1709
    pantry-tree:
      sha256: 6d7e2a60d583005b324bb89f96381fb59096cd8b596defb2abc39d1c13e311e5
      size: 583
  original:
    hackage: hspec-2.8.4
- completed:
    hackage: hspec-core-2.8.4@sha256:61269cafd93989d7361c2ce3df712ae7816470e07160e134e36d0d4584143693,5579
    pantry-tree:
      sha256: dd42624230540e4ff6950b507965e199c9cd392c7bdb79af860d655e23a7160f
      size: 4916
  original:
    hackage: hspec-core-2.8.4
- completed:
    hackage: hspec-discover-2.8.4@sha256:d88cfb8a24f39232a38863677477f4f070ff612b86d3ad7edaa53df813a620f2,2256
    pantry-tree:
      sha256: 8500d30e909ad9bfba0be3b90c64a96eb4ed3712f913b4aafc48fdb169844a91
      size: 828
  original:
    hackage: hspec-discover-2.8.4
snapshots:
- completed:
    sha256: adbc602422dde10cc330175da7de8609e70afc41449a7e2d6e8b1827aa0e5008
    size: 649342
    url: https://raw.githubusercontent.com/commercialhaskell/stackage-snapshots/master/lts/20/11.yaml
  original:
    url: https://raw.githubusercontent.com/commercialhaskell/stackage-snapshots/master/lts/20/11.yaml
